
Microsoft Visual Studio Solution File, Format Version 12.00
# Visual Studio 14
VisualStudioVersion = 14.0.25420.1
MinimumVisualStudioVersion = 10.0.40219.1
Project("{FAE04EC0-301F-11D3-BF4B-00C04F79EFBC}") = "DesafioStoneTemperatura.Api", "DesafioStoneTemperatura\DesafioStoneTemperatura.Api.csproj", "{35E78B0E-7B8F-4FE9-A374-9D7B74D7755F}"
EndProject
Project("{FAE04EC0-301F-11D3-BF4B-00C04F79EFBC}") = "DesafioStoneTemperatura.Tests", "DesafioStoneTemperatura.Tests\DesafioStoneTemperatura.Tests.csproj", "{7844710D-5CAF-4941-9A91-F6B02D2F0B86}"
EndProject
Project("{FAE04EC0-301F-11D3-BF4B-00C04F79EFBC}") = "DesafioStoneTemperatura.Data", "DesafioStoneTemperatura.Data\DesafioStoneTemperatura.Data.csproj", "{C78F9744-3162-4F89-9B2E-A3A499D00596}"
EndProject
Project("{FAE04EC0-301F-11D3-BF4B-00C04F79EFBC}") = "DesafioStoneTemperatura.Domain", "DesafioStoneTemperatura.Domain\DesafioStoneTemperatura.Domain.csproj", "{6A0CBB81-54C9-4584-8B1C-7894D215823E}"
EndProject
Project("{FAE04EC0-301F-11D3-BF4B-00C04F79EFBC}") = "DesafioStoneTemperatura.TaskTemperature", "DesafioStoneTemperatura.TaskTemperature\DesafioStoneTemperatura.TaskTemperature.csproj", "{0C3EADAD-10EC-4E44-909B-76358FAE3BB7}"
EndProject
Global
	GlobalSection(SolutionConfigurationPlatforms) = preSolution
		Debug|Any CPU = Debug|Any CPU
		Release|Any CPU = Release|Any CPU
	EndGlobalSection
	GlobalSection(ProjectConfigurationPlatforms) = postSolution
		{35E78B0E-7B8F-4FE9-A374-9D7B74D7755F}.Debug|Any CPU.ActiveCfg = Debug|Any CPU
		{35E78B0E-7B8F-4FE9-A374-9D7B74D7755F}.Debug|Any CPU.Build.0 = Debug|Any CPU
		{35E78B0E-7B8F-4FE9-A374-9D7B74D7755F}.Release|Any CPU.ActiveCfg = Release|Any CPU
		{35E78B0E-7B8F-4FE9-A374-9D7B74D7755F}.Release|Any CPU.Build.0 = Release|Any CPU
		{7844710D-5CAF-4941-9A91-F6B02D2F0B86}.Debug|Any CPU.ActiveCfg = Debug|Any CPU
		{7844710D-5CAF-4941-9A91-F6B02D2F0B86}.Debug|Any CPU.Build.0 = Debug|Any CPU
		{7844710D-5CAF-4941-9A91-F6B02D2F0B86}.Release|Any CPU.ActiveCfg = Release|Any CPU
		{7844710D-5CAF-4941-9A91-F6B02D2F0B86}.Release|Any CPU.Build.0 = Release|Any CPU
		{C78F9744-3162-4F89-9B2E-A3A499D00596}.Debug|Any CPU.ActiveCfg = Debug|Any CPU
		{C78F9744-3162-4F89-9B2E-A3A499D00596}.Debug|Any CPU.Build.0 = Debug|Any CPU
		{C78F9744-3162-4F89-9B2E-A3A499D00596}.Release|Any CPU.ActiveCfg = Release|Any CPU
		{C78F9744-3162-4F89-9B2E-A3A499D00596}.Release|Any CPU.Build.0 = Release|Any CPU
		{6A0CBB81-54C9-4584-8B1C-7894D215823E}.Debug|Any CPU.ActiveCfg = Debug|Any CPU
		{6A0CBB81-54C9-4584-8B1C-7894D215823E}.Debug|Any CPU.Build.0 = Debug|Any CPU
		{6A0CBB81-54C9-4584-8B1C-7894D215823E}.Release|Any CPU.ActiveCfg = Release|Any CPU
		{6A0CBB81-54C9-4584-8B1C-7894D215823E}.Release|Any CPU.Build.0 = Release|Any CPU
		{0C3EADAD-10EC-4E44-909B-76358FAE3BB7}.Debug|Any CPU.ActiveCfg = Debug|Any CPU
		{0C3EADAD-10EC-4E44-909B-76358FAE3BB7}.Debug|Any CPU.Build.0 = Debug|Any CPU
		{0C3EADAD-10EC-4E44-909B-76358FAE3BB7}.Release|Any CPU.ActiveCfg = Release|Any CPU
		{0C3EADAD-10EC-4E44-909B-76358FAE3BB7}.Release|Any CPU.Build.0 = Release|Any CPU
	EndGlobalSection
	GlobalSection(SolutionProperties) = preSolution
		HideSolutionNode = FALSE
	EndGlobalSection
EndGlobal
